{
  "name": "@instancelabs/foresights",
  "version": "0.10.0",
  "lockfileVersion": 3,
  "requires": true,
  "packages": {
    "": {
      "name": "@instancelabs/foresights",
      "version": "0.10.0",
      "license": "MIT",
      "bin": {
        "foresights": "bin/foresights.mjs"
      },
      "engines": {
        "node": ">=20"
      }
    }
  }
}
